schema: '2.0'
stages:
  data_ingestion:
    cmd: python3 src/data_ingestion.py
    deps:
    - path: src/data_ingestion.py
      hash: md5
      md5: bdd99bad9b7dc41add1cf1b14d0d780f
      size: 3398
    params:
      params.yaml:
        data_ingestion.test_size: 0.3
    outs:
    - path: data/raw
      hash: md5
      md5: 6c14fc5d4581715d0c084959eeff4b01.dir
      size: 479272
      nfiles: 2
  data_preprocessing:
    cmd: python3 src/preprocessing.py
    deps:
    - path: data/raw
      hash: md5
      md5: 6c14fc5d4581715d0c084959eeff4b01.dir
      size: 479272
      nfiles: 2
    - path: src/preprocessing.py
      hash: md5
      md5: c9cfc2615e61a7393ed865d6fca4b969
      size: 3571
    outs:
    - path: data/interim
      hash: md5
      md5: 91d80631b72bc88148c9f0c49789af70.dir
      size: 257220
      nfiles: 2
  feature_engineering:
    cmd: python3 src/feature_engg.py
    deps:
    - path: data/interim
      hash: md5
      md5: 91d80631b72bc88148c9f0c49789af70.dir
      size: 257220
      nfiles: 2
    - path: src/feature_engg.py
      hash: md5
      md5: 8636c97979550d0a4be0a075e9350729
      size: 3784
    params:
      params.yaml:
        feature_engg.max_features: 40
    outs:
    - path: data/processed
      hash: md5
      md5: 2c1a5e6141deeac7b820ecf7e31c7222.dir
      size: 952637
      nfiles: 2
  model_building:
    cmd: python3 src/model_training.py
    deps:
    - path: data/processed
      hash: md5
      md5: c2ea486a5f88845985c84896fae23412.dir
      size: 1175164
      nfiles: 2
    - path: src/model_training.py
      hash: md5
      md5: c87a9cfcb084b2516b6e868ab6ef6516
      size: 3700
    outs:
    - path: models/model.pkl
      hash: md5
      md5: 8523fee740d9f1ddd98058f1b5f2467c
      size: 998489
  model_evaluation:
    cmd: python3 src/model_evaluation.py
    deps:
    - path: models/model.pkl
      hash: md5
      md5: 65650e99a86f46f68ae6a512c46ce5a6
      size: 632838
    - path: src/model_evaluation.py
      hash: md5
      md5: b258086ba64e9447ee9dc29ac33114a8
      size: 4371
    outs:
    - path: reports/metrics.json
      hash: md5
      md5: ec3996de79c59934bd59927ae31b6927
      size: 126
  model_training:
    cmd: python3 src/model_training.py
    deps:
    - path: data/processed
      hash: md5
      md5: 2c1a5e6141deeac7b820ecf7e31c7222.dir
      size: 952637
      nfiles: 2
    - path: src/model_training.py
      hash: md5
      md5: a2e71be9fa3386e78b4989b36a9f4875
      size: 4194
    params:
      params.yaml:
        model_training.n_estimators: 20
        model_training.random_state: 4
    outs:
    - path: models/model.pkl
      hash: md5
      md5: 65650e99a86f46f68ae6a512c46ce5a6
      size: 632838
